{
    "_readme": [
        "This file locks the dependencies of your project to a known state",
        "Read more about it at https://getcomposer.org/doc/01-basic-usage.md#installing-dependencies",
        "This file is @generated automatically"
    ],
    "content-hash": "ade6b8aebfe59943af36b9003550dd70",
    "packages": [
        {
            "name": "oscarotero/env",
            "version": "v2.1.0",
            "source": {
                "type": "git",
                "url": "https://github.com/oscarotero/env.git",
                "reference": "0da22cadc6924155fa9bbea2cdda2e84ab7cbdd3"
            },
            "dist": {
                "type": "zip",
                "url": "https://api.github.com/repos/oscarotero/env/zipball/0da22cadc6924155fa9bbea2cdda2e84ab7cbdd3",
                "reference": "0da22cadc6924155fa9bbea2cdda2e84ab7cbdd3",
                "shasum": ""
            },
            "require": {
                "ext-ctype": "*",
                "php": ">=7.1"
            },
            "require-dev": {
                "friendsofphp/php-cs-fixer": "^2.16",
                "phpunit/phpunit": "^7.0"
            },
            "type": "library",
            "autoload": {
                "psr-4": {
                    "Env\\": "src/"
                },
                "files": [
                    "src/env_function.php"
                ]
            },
            "notification-url": "https://packagist.org/downloads/",
            "license": [
                "MIT"
            ],
            "authors": [
                {
                    "name": "Oscar Otero",
                    "email": "oom@oscarotero.com",
                    "homepage": "http://oscarotero.com",
                    "role": "Developer"
                }
            ],
            "description": "Simple library to consume environment variables",
            "homepage": "https://github.com/oscarotero/env",
            "keywords": [
                "env"
            ],
            "support": {
                "email": "oom@oscarotero.com",
                "issues": "https://github.com/oscarotero/env/issues",
                "source": "https://github.com/oscarotero/env/tree/v2.1.0"
            },
            "time": "2020-06-11T10:59:27+00:00"
        },
        {
            "name": "stripe/stripe-php",
            "version": "v7.69.0",
            "source": {
                "type": "git",
                "url": "https://github.com/stripe/stripe-php.git",
                "reference": "6716cbc4ebf8cba7d45374a059c7c6e5bf53277d"
            },
            "dist": {
                "type": "zip",
                "url": "https://api.github.com/repos/stripe/stripe-php/zipball/6716cbc4ebf8cba7d45374a059c7c6e5bf53277d",
                "reference": "6716cbc4ebf8cba7d45374a059c7c6e5bf53277d",
                "shasum": ""
            },
            "require": {
                "ext-curl": "*",
                "ext-json": "*",
                "ext-mbstring": "*",
                "php": ">=5.6.0"
            },
            "require-dev": {
                "friendsofphp/php-cs-fixer": "2.17.1",
                "php-coveralls/php-coveralls": "^2.1",
                "phpunit/phpunit": "^5.7",
                "squizlabs/php_codesniffer": "^3.3",
                "symfony/process": "~3.4"
            },
            "type": "library",
            "extra": {
                "branch-alias": {
                    "dev-master": "2.0-dev"
                }
            },
            "autoload": {
                "psr-4": {
                    "Stripe\\": "lib/"
                }
            },
            "notification-url": "https://packagist.org/downloads/",
            "license": [
                "MIT"
            ],
            "authors": [
                {
                    "name": "Stripe and contributors",
                    "homepage": "https://github.com/stripe/stripe-php/contributors"
                }
            ],
            "description": "Stripe PHP Library",
            "homepage": "https://stripe.com/",
            "keywords": [
                "api",
                "payment processing",
                "stripe"
            ],
            "support": {
                "issues": "https://github.com/stripe/stripe-php/issues",
                "source": "https://github.com/stripe/stripe-php/tree/v7.69.0"
            },
            "time": "2021-01-22T03:21:13+00:00"
        }
    ],
    "packages-dev": [],
    "aliases": [],
    "minimum-stability": "stable",
    "stability-flags": [],
    "prefer-stable": false,
    "prefer-lowest": false,
    "platform": [],
    "platform-dev": [],
    "plugin-api-version": "2.0.0"
}
